// !$*UTF8*$!
{
	archiveVersion = 1;
	classes = {
	};
	objectVersion = 50;
	objects = {

/* Begin PBXBuildFile section */
		0E872305222DB4A700E2D94C /* Language.swift in Sources */ = {isa = PBXBuildFile; fileRef = 0E872304222DB4A700E2D94C /* Language.swift */; };
		0E89AE5F21E39AA900BF2156 /* LogInViewController.swift in Sources */ = {isa = PBXBuildFile; fileRef = 0E89AE5E21E39AA900BF2156 /* LogInViewController.swift */; };
		0E8D28D921EB60730035D0F0 /* GroupsViewController.swift in Sources */ = {isa = PBXBuildFile; fileRef = 0E8D28D821EB60730035D0F0 /* GroupsViewController.swift */; };
		0EA4F09C21C5E8470079E2A4 /* Alamofire in Resources */ = {isa = PBXBuildFile; fileRef = 0EA4F09B21C5E8470079E2A4 /* Alamofire */; };
		0EBD82D7235CEE70008729FB /* glome_logo.png in Resources */ = {isa = PBXBuildFile; fileRef = 0EBD82D6235CEE6F008729FB /* glome_logo.png */; };
		0EBD82D9235CF0AB008729FB /* blue_circle.png in Resources */ = {isa = PBXBuildFile; fileRef = 0EBD82D8235CF0AB008729FB /* blue_circle.png */; };
		0EC9442D22016910003AC699 /* CreateAccountViewController.swift in Sources */ = {isa = PBXBuildFile; fileRef = 0EC9442C22016910003AC699 /* CreateAccountViewController.swift */; };
		0ED4753A21F652A100ABFEF4 /* Group.swift in Sources */ = {isa = PBXBuildFile; fileRef = 0ED4753921F652A100ABFEF4 /* Group.swift */; };
		0ED4754421F987BC00ABFEF4 /* Circle.png in Resources */ = {isa = PBXBuildFile; fileRef = 0ED4754321F987BB00ABFEF4 /* Circle.png */; };
		0ED4754621FABA3500ABFEF4 /* message.png in Resources */ = {isa = PBXBuildFile; fileRef = 0ED4754521FABA3400ABFEF4 /* message.png */; };
		0ED4754A21FABB3400ABFEF4 /* сontacts.png in Resources */ = {isa = PBXBuildFile; fileRef = 0ED4754921FABB3400ABFEF4 /* сontacts.png */; };
		0ED4754C21FABB6100ABFEF4 /* groups.png in Resources */ = {isa = PBXBuildFile; fileRef = 0ED4754B21FABB6100ABFEF4 /* groups.png */; };
		0ED4754E21FABB9F00ABFEF4 /* plus.png in Resources */ = {isa = PBXBuildFile; fileRef = 0ED4754D21FABB9F00ABFEF4 /* plus.png */; };
		0ED4755121FABE9400ABFEF4 /* chat.png in Resources */ = {isa = PBXBuildFile; fileRef = 0ED4754F21FABE9300ABFEF4 /* chat.png */; };
		0ED4755221FABE9400ABFEF4 /* phone.png in Resources */ = {isa = PBXBuildFile; fileRef = 0ED4755021FABE9400ABFEF4 /* phone.png */; };
		0ED4755421FAC05300ABFEF4 /* more.png in Resources */ = {isa = PBXBuildFile; fileRef = 0ED4755321FAC05200ABFEF4 /* more.png */; };
		0ED4755621FB8A8E00ABFEF4 /* GroupsDetailViewController.swift in Sources */ = {isa = PBXBuildFile; fileRef = 0ED4755521FB8A8E00ABFEF4 /* GroupsDetailViewController.swift */; };
		A506A3D820A619A3007CC984 /* MessageViewController.swift in Sources */ = {isa = PBXBuildFile; fileRef = A506A3D720A619A3007CC984 /* MessageViewController.swift */; };
		A50F3A12219BB9A1003A3056 /* NewContactViewController.swift in Sources */ = {isa = PBXBuildFile; fileRef = A50F3A11219BB9A1003A3056 /* NewContactViewController.swift */; };
		A51006AC213C3A6A00B6667B /* GoogleService-Info.plist in Resources */ = {isa = PBXBuildFile; fileRef = A51006A4213C3A6900B6667B /* GoogleService-Info.plist */; };
		A516D9E120B21581004708F9 /* ContactsViewController.swift in Sources */ = {isa = PBXBuildFile; fileRef = A516D9E020B21581004708F9 /* ContactsViewController.swift */; };
		A534AA78218EBBB3004A0287 /* ContactDetailViewController.swift in Sources */ = {isa = PBXBuildFile; fileRef = A534AA77218EBBB3004A0287 /* ContactDetailViewController.swift */; };
		A54B308D2171212700500214 /* Contact.swift in Sources */ = {isa = PBXBuildFile; fileRef = A54B308C2171212700500214 /* Contact.swift */; };
		A56AEF0620A4CD6F0062A79F /* AppDelegate.swift in Sources */ = {isa = PBXBuildFile; fileRef = A56AEF0520A4CD6F0062A79F /* AppDelegate.swift */; };
		A56AEF0820A4CD6F0062A79F /* ViewController.swift in Sources */ = {isa = PBXBuildFile; fileRef = A56AEF0720A4CD6F0062A79F /* ViewController.swift */; };
		A56AEF0B20A4CD6F0062A79F /* Main.storyboard in Resources */ = {isa = PBXBuildFile; fileRef = A56AEF0920A4CD6F0062A79F /* Main.storyboard */; };
		A56AEF0D20A4CD820062A79F /* Assets.xcassets in Resources */ = {isa = PBXBuildFile; fileRef = A56AEF0C20A4CD820062A79F /* Assets.xcassets */; };
		A56AEF1020A4CD830062A79F /* LaunchScreen.storyboard in Resources */ = {isa = PBXBuildFile; fileRef = A56AEF0E20A4CD830062A79F /* LaunchScreen.storyboard */; };
		DD1628AD7BF23217C08A6B96 /* Pods_RefugeeApp2.framework in Frameworks */ = {isa = PBXBuildFile; fileRef = 09D002106BB6E2E96593E002 /* Pods_RefugeeApp2.framework */; };
/* End PBXBuildFile section */

/* Begin PBXCopyFilesBuildPhase section */
		A576478B20A4E3F00043EC69 /* Embed Frameworks */ = {
			isa = PBXCopyFilesBuildPhase;
			buildActionMask = 2147483647;
			dstPath = "";
			dstSubfolderSpec = 10;
			files = (
			);
			name = "Embed Frameworks";
			runOnlyForDeploymentPostprocessing = 0;
		};
/* End PBXCopyFilesBuildPhase section */

/* Begin PBXFileReference section */
		09D002106BB6E2E96593E002 /* Pods_RefugeeApp2.framework */ = {isa = PBXFileReference; explicitFileType = wrapper.framework; includeInIndex = 0; path = Pods_RefugeeApp2.framework; sourceTree = BUILT_PRODUCTS_DIR; };
		0E872304222DB4A700E2D94C /* Language.swift */ = {isa = PBXFileReference; lastKnownFileType = sourcecode.swift; path = Language.swift; sourceTree = "<group>"; };
		0E89AE5E21E39AA900BF2156 /* LogInViewController.swift */ = {isa = PBXFileReference; lastKnownFileType = sourcecode.swift; path = LogInViewController.swift; sourceTree = "<group>"; };
		0E8D28D821EB60730035D0F0 /* GroupsViewController.swift */ = {isa = PBXFileReference; lastKnownFileType = sourcecode.swift; path = GroupsViewController.swift; sourceTree = "<group>"; };
		0EA4F09B21C5E8470079E2A4 /* Alamofire */ = {isa = PBXFileReference; lastKnownFileType = folder; name = Alamofire; path = ../Alamofire; sourceTree = "<group>"; };
		0EBD82D6235CEE6F008729FB /* glome_logo.png */ = {isa = PBXFileReference; lastKnownFileType = image.png; path = glome_logo.png; sourceTree = "<group>"; };
		0EBD82D8235CF0AB008729FB /* blue_circle.png */ = {isa = PBXFileReference; lastKnownFileType = image.png; path = blue_circle.png; sourceTree = "<group>"; };
		0EC9442C22016910003AC699 /* CreateAccountViewController.swift */ = {isa = PBXFileReference; lastKnownFileType = sourcecode.swift; path = CreateAccountViewController.swift; sourceTree = "<group>"; };
		0ED4753921F652A100ABFEF4 /* Group.swift */ = {isa = PBXFileReference; lastKnownFileType = sourcecode.swift; path = Group.swift; sourceTree = "<group>"; };
		0ED4754321F987BB00ABFEF4 /* Circle.png */ = {isa = PBXFileReference; lastKnownFileType = image.png; path = Circle.png; sourceTree = "<group>"; };
		0ED4754521FABA3400ABFEF4 /* message.png */ = {isa = PBXFileReference; lastKnownFileType = image.png; path = message.png; sourceTree = "<group>"; };
		0ED4754921FABB3400ABFEF4 /* сontacts.png */ = {isa = PBXFileReference; lastKnownFileType = image.png; path = "сontacts.png"; sourceTree = "<group>"; };
		0ED4754B21FABB6100ABFEF4 /* groups.png */ = {isa = PBXFileReference; lastKnownFileType = image.png; path = groups.png; sourceTree = "<group>"; };
		0ED4754D21FABB9F00ABFEF4 /* plus.png */ = {isa = PBXFileReference; lastKnownFileType = image.png; path = plus.png; sourceTree = "<group>"; };
		0ED4754F21FABE9300ABFEF4 /* chat.png */ = {isa = PBXFileReference; lastKnownFileType = image.png; path = chat.png; sourceTree = "<group>"; };
		0ED4755021FABE9400ABFEF4 /* phone.png */ = {isa = PBXFileReference; lastKnownFileType = image.png; path = phone.png; sourceTree = "<group>"; };
		0ED4755321FAC05200ABFEF4 /* more.png */ = {isa = PBXFileReference; lastKnownFileType = image.png; path = more.png; sourceTree = "<group>"; };
		0ED4755521FB8A8E00ABFEF4 /* GroupsDetailViewController.swift */ = {isa = PBXFileReference; lastKnownFileType = sourcecode.swift; path = GroupsDetailViewController.swift; sourceTree = "<group>"; };
		2156DC282D1E5417E0D2D9B9 /* Pods_RefugeeApp.framework */ = {isa = PBXFileReference; explicitFileType = wrapper.framework; includeInIndex = 0; path = Pods_RefugeeApp.framework; sourceTree = BUILT_PRODUCTS_DIR; };
		4EABD19DDAE566DDD515036A /* Pods-RefugeeApp2.debug.xcconfig */ = {isa = PBXFileReference; includeInIndex = 1; lastKnownFileType = text.xcconfig; name = "Pods-RefugeeApp2.debug.xcconfig"; path = "Pods/Target Support Files/Pods-RefugeeApp2/Pods-RefugeeApp2.debug.xcconfig"; sourceTree = "<group>"; };
		50FA433A6BFE547303081516 /* Pods-RefugeeApp.debug.xcconfig */ = {isa = PBXFileReference; includeInIndex = 1; lastKnownFileType = text.xcconfig; name = "Pods-RefugeeApp.debug.xcconfig"; path = "Pods/Target Support Files/Pods-RefugeeApp/Pods-RefugeeApp.debug.xcconfig"; sourceTree = "<group>"; };
		A506A3D720A619A3007CC984 /* MessageViewController.swift */ = {isa = PBXFileReference; lastKnownFileType = sourcecode.swift; path = MessageViewController.swift; sourceTree = "<group>"; };
		A50F3A11219BB9A1003A3056 /* NewContactViewController.swift */ = {isa = PBXFileReference; lastKnownFileType = sourcecode.swift; path = NewContactViewController.swift; sourceTree = "<group>"; };
		A51006A4213C3A6900B6667B /* GoogleService-Info.plist */ = {isa = PBXFileReference; fileEncoding = 4; lastKnownFileType = text.plist.xml; path = "GoogleService-Info.plist"; sourceTree = "<group>"; };
		A516D9E020B21581004708F9 /* ContactsViewController.swift */ = {isa = PBXFileReference; lastKnownFileType = sourcecode.swift; path = ContactsViewController.swift; sourceTree = "<group>"; };
		A534AA77218EBBB3004A0287 /* ContactDetailViewController.swift */ = {isa = PBXFileReference; lastKnownFileType = sourcecode.swift; path = ContactDetailViewController.swift; sourceTree = "<group>"; };
		A54B308C2171212700500214 /* Contact.swift */ = {isa = PBXFileReference; lastKnownFileType = sourcecode.swift; path = Contact.swift; sourceTree = "<group>"; };
		A56AEF0220A4CD6F0062A79F /* RefugeeApp2.app */ = {isa = PBXFileReference; explicitFileType = wrapper.application; includeInIndex = 0; path = RefugeeApp2.app; sourceTree = BUILT_PRODUCTS_DIR; };
		A56AEF0520A4CD6F0062A79F /* AppDelegate.swift */ = {isa = PBXFileReference; lastKnownFileType = sourcecode.swift; path = AppDelegate.swift; sourceTree = "<group>"; };
		A56AEF0720A4CD6F0062A79F /* ViewController.swift */ = {isa = PBXFileReference; lastKnownFileType = sourcecode.swift; path = ViewController.swift; sourceTree = "<group>"; };
		A56AEF0A20A4CD6F0062A79F /* Base */ = {isa = PBXFileReference; lastKnownFileType = file.storyboard; name = Base; path = Base.lproj/Main.storyboard; sourceTree = "<group>"; };
		A56AEF0C20A4CD820062A79F /* Assets.xcassets */ = {isa = PBXFileReference; lastKnownFileType = folder.assetcatalog; path = Assets.xcassets; sourceTree = "<group>"; };
		A56AEF0F20A4CD830062A79F /* Base */ = {isa = PBXFileReference; lastKnownFileType = file.storyboard; name = Base; path = Base.lproj/LaunchScreen.storyboard; sourceTree = "<group>"; };
		A56AEF1120A4CD830062A79F /* Info.plist */ = {isa = PBXFileReference; lastKnownFileType = text.plist.xml; path = Info.plist; sourceTree = "<group>"; };
		BFC57A52F7669B934F75F53D /* Pods-RefugeeApp.release.xcconfig */ = {isa = PBXFileReference; includeInIndex = 1; lastKnownFileType = text.xcconfig; name = "Pods-RefugeeApp.release.xcconfig"; path = "Pods/Target Support Files/Pods-RefugeeApp/Pods-RefugeeApp.release.xcconfig"; sourceTree = "<group>"; };
		EDC19B1DD875D94D66A33105 /* Pods-RefugeeApp2.release.xcconfig */ = {isa = PBXFileReference; includeInIndex = 1; lastKnownFileType = text.xcconfig; name = "Pods-RefugeeApp2.release.xcconfig"; path = "Pods/Target Support Files/Pods-RefugeeApp2/Pods-RefugeeApp2.release.xcconfig"; sourceTree = "<group>"; };
/* End PBXFileReference section */

/* Begin PBXFrameworksBuildPhase section */
		A56AEEFF20A4CD6F0062A79F /* Frameworks */ = {
			isa = PBXFrameworksBuildPhase;
			buildActionMask = 2147483647;
			files = (
				DD1628AD7BF23217C08A6B96 /* Pods_RefugeeApp2.framework in Frameworks */,
			);
			runOnlyForDeploymentPostprocessing = 0;
		};
/* End PBXFrameworksBuildPhase section */

/* Begin PBXGroup section */
		0ED4753F21F9877A00ABFEF4 /* images */ = {
			isa = PBXGroup;
			children = (
				0ED4754321F987BB00ABFEF4 /* Circle.png */,
				0ED4754921FABB3400ABFEF4 /* сontacts.png */,
				0ED4754521FABA3400ABFEF4 /* message.png */,
				0ED4754F21FABE9300ABFEF4 /* chat.png */,
				0ED4755321FAC05200ABFEF4 /* more.png */,
				0ED4755021FABE9400ABFEF4 /* phone.png */,
				0ED4754B21FABB6100ABFEF4 /* groups.png */,
				0ED4754D21FABB9F00ABFEF4 /* plus.png */,
				0EBD82D6235CEE6F008729FB /* glome_logo.png */,
				0EBD82D8235CF0AB008729FB /* blue_circle.png */,
			);
			path = images;
			sourceTree = "<group>";
		};
		5A3986ECA7BC3C5D4035859D /* Frameworks */ = {
			isa = PBXGroup;
			children = (
				2156DC282D1E5417E0D2D9B9 /* Pods_RefugeeApp.framework */,
				09D002106BB6E2E96593E002 /* Pods_RefugeeApp2.framework */,
			);
			name = Frameworks;
			sourceTree = "<group>";
		};
		721F862F2163AAD88EF35DB2 /* Pods */ = {
			isa = PBXGroup;
			children = (
				50FA433A6BFE547303081516 /* Pods-RefugeeApp.debug.xcconfig */,
				BFC57A52F7669B934F75F53D /* Pods-RefugeeApp.release.xcconfig */,
				4EABD19DDAE566DDD515036A /* Pods-RefugeeApp2.debug.xcconfig */,
				EDC19B1DD875D94D66A33105 /* Pods-RefugeeApp2.release.xcconfig */,
			);
			name = Pods;
			sourceTree = "<group>";
		};
		A56AEEF920A4CD6F0062A79F = {
			isa = PBXGroup;
			children = (
				0EA4F09B21C5E8470079E2A4 /* Alamofire */,
				A56AEF0420A4CD6F0062A79F /* RefugeeApp */,
				A56AEF0320A4CD6F0062A79F /* Products */,
				721F862F2163AAD88EF35DB2 /* Pods */,
				5A3986ECA7BC3C5D4035859D /* Frameworks */,
			);
			sourceTree = "<group>";
		};
		A56AEF0320A4CD6F0062A79F /* Products */ = {
			isa = PBXGroup;
			children = (
				A56AEF0220A4CD6F0062A79F /* RefugeeApp2.app */,
			);
			name = Products;
			sourceTree = "<group>";
		};
		A56AEF0420A4CD6F0062A79F /* RefugeeApp */ = {
			isa = PBXGroup;
			children = (
				A56AEF0520A4CD6F0062A79F /* AppDelegate.swift */,
				A56AEF0720A4CD6F0062A79F /* ViewController.swift */,
				A50F3A11219BB9A1003A3056 /* NewContactViewController.swift */,
				0ED4753F21F9877A00ABFEF4 /* images */,
				A506A3D720A619A3007CC984 /* MessageViewController.swift */,
				A516D9E020B21581004708F9 /* ContactsViewController.swift */,
				0E872304222DB4A700E2D94C /* Language.swift */,
				A54B308C2171212700500214 /* Contact.swift */,
				0ED4753921F652A100ABFEF4 /* Group.swift */,
				A56AEF0920A4CD6F0062A79F /* Main.storyboard */,
				0EC9442C22016910003AC699 /* CreateAccountViewController.swift */,
				0E8D28D821EB60730035D0F0 /* GroupsViewController.swift */,
				0ED4755521FB8A8E00ABFEF4 /* GroupsDetailViewController.swift */,
				0E89AE5E21E39AA900BF2156 /* LogInViewController.swift */,
				A534AA77218EBBB3004A0287 /* ContactDetailViewController.swift */,
				A56AEF0C20A4CD820062A79F /* Assets.xcassets */,
				A56AEF0E20A4CD830062A79F /* LaunchScreen.storyboard */,
				A56AEF1120A4CD830062A79F /* Info.plist */,
				A51006A4213C3A6900B6667B /* GoogleService-Info.plist */,
			);
			path = RefugeeApp;
			sourceTree = "<group>";
		};
/* End PBXGroup section */

/* Begin PBXNativeTarget section */
		A56AEF0120A4CD6F0062A79F /* RefugeeApp2 */ = {
			isa = PBXNativeTarget;
			buildConfigurationList = A56AEF1420A4CD830062A79F /* Build configuration list for PBXNativeTarget "RefugeeApp2" */;
			buildPhases = (
				D24349BB23D0DEA9B8D94A62 /* [CP] Check Pods Manifest.lock */,
				A56AEEFE20A4CD6F0062A79F /* Sources */,
				A56AEEFF20A4CD6F0062A79F /* Frameworks */,
				A56AEF0020A4CD6F0062A79F /* Resources */,
				A576478B20A4E3F00043EC69 /* Embed Frameworks */,
				82F388F442570F8A5361E43B /* [CP] Embed Pods Frameworks */,
			);
			buildRules = (
			);
			dependencies = (
			);
			name = RefugeeApp2;
			productName = RefugeeApp;
			productReference = A56AEF0220A4CD6F0062A79F /* RefugeeApp2.app */;
			productType = "com.apple.product-type.application";
		};
/* End PBXNativeTarget section */

/* Begin PBXProject section */
		A56AEEFA20A4CD6F0062A79F /* Project object */ = {
			isa = PBXProject;
			attributes = {
				LastSwiftUpdateCheck = 0930;
				LastUpgradeCheck = 0930;
				ORGANIZATIONNAME = Glome;
				TargetAttributes = {
					A56AEF0120A4CD6F0062A79F = {
						CreatedOnToolsVersion = 9.3;
					};
				};
			};
			buildConfigurationList = A56AEEFD20A4CD6F0062A79F /* Build configuration list for PBXProject "RefugeeApp2" */;
			compatibilityVersion = "Xcode 9.3";
			developmentRegion = en;
			hasScannedForEncodings = 0;
			knownRegions = (
				en,
				Base,
			);
			mainGroup = A56AEEF920A4CD6F0062A79F;
			productRefGroup = A56AEF0320A4CD6F0062A79F /* Products */;
			projectDirPath = "";
			projectRoot = "";
			targets = (
				A56AEF0120A4CD6F0062A79F /* RefugeeApp2 */,
			);
		};
/* End PBXProject section */

/* Begin PBXResourcesBuildPhase section */
		A56AEF0020A4CD6F0062A79F /* Resources */ = {
			isa = PBXResourcesBuildPhase;
			buildActionMask = 2147483647;
			files = (
				0EA4F09C21C5E8470079E2A4 /* Alamofire in Resources */,
				0ED4754A21FABB3400ABFEF4 /* сontacts.png in Resources */,
				0ED4754421F987BC00ABFEF4 /* Circle.png in Resources */,
				A56AEF1020A4CD830062A79F /* LaunchScreen.storyboard in Resources */,
				0ED4754621FABA3500ABFEF4 /* message.png in Resources */,
				A51006AC213C3A6A00B6667B /* GoogleService-Info.plist in Resources */,
				0EBD82D9235CF0AB008729FB /* blue_circle.png in Resources */,
				0ED4755221FABE9400ABFEF4 /* phone.png in Resources */,
				0EBD82D7235CEE70008729FB /* glome_logo.png in Resources */,
				A56AEF0D20A4CD820062A79F /* Assets.xcassets in Resources */,
				0ED4754E21FABB9F00ABFEF4 /* plus.png in Resources */,
				A56AEF0B20A4CD6F0062A79F /* Main.storyboard in Resources */,
				0ED4754C21FABB6100ABFEF4 /* groups.png in Resources */,
				0ED4755421FAC05300ABFEF4 /* more.png in Resources */,
				0ED4755121FABE9400ABFEF4 /* chat.png in Resources */,
			);
			runOnlyForDeploymentPostprocessing = 0;
		};
/* End PBXResourcesBuildPhase section */

/* Begin PBXShellScriptBuildPhase section */
		82F388F442570F8A5361E43B /* [CP] Embed Pods Frameworks */ = {
			isa = PBXShellScriptBuildPhase;
			buildActionMask = 2147483647;
			files = (
			);
			inputPaths = (
				"${SRCROOT}/Pods/Target Support Files/Pods-RefugeeApp2/Pods-RefugeeApp2-frameworks.sh",
				"${BUILT_PRODUCTS_DIR}/Alamofire/Alamofire.framework",
				"${BUILT_PRODUCTS_DIR}/CryptoSwift/CryptoSwift.framework",
				"${BUILT_PRODUCTS_DIR}/GoogleUtilities/GoogleUtilities.framework",
				"${BUILT_PRODUCTS_DIR}/leveldb-library/leveldb.framework",
				"${BUILT_PRODUCTS_DIR}/nanopb/nanopb.framework",
			);
			name = "[CP] Embed Pods Frameworks";
			outputPaths = (
				"${TARGET_BUILD_DIR}/${FRAMEWORKS_FOLDER_PATH}/Alamofire.framework",
				"${TARGET_BUILD_DIR}/${FRAMEWORKS_FOLDER_PATH}/CryptoSwift.framework",
				"${TARGET_BUILD_DIR}/${FRAMEWORKS_FOLDER_PATH}/GoogleUtilities.framework",
				"${TARGET_BUILD_DIR}/${FRAMEWORKS_FOLDER_PATH}/leveldb.framework",
				"${TARGET_BUILD_DIR}/${FRAMEWORKS_FOLDER_PATH}/nanopb.framework",
			);
			runOnlyForDeploymentPostprocessing = 0;
			shellPath = /bin/sh;
			shellScript = "\"${SRCROOT}/Pods/Target Support Files/Pods-RefugeeApp2/Pods-RefugeeApp2-frameworks.sh\"\n";
			showEnvVarsInLog = 0;
		};
		D24349BB23D0DEA9B8D94A62 /* [CP] Check Pods Manifest.lock */ = {
			isa = PBXShellScriptBuildPhase;
			buildActionMask = 2147483647;
			files = (
			);
			inputPaths = (
				"${PODS_PODFILE_DIR_PATH}/Podfile.lock",
				"${PODS_ROOT}/Manifest.lock",
			);
			name = "[CP] Check Pods Manifest.lock";
			outputPaths = (
				"$(DERIVED_FILE_DIR)/Pods-RefugeeApp2-checkManifestLockResult.txt",
			);
			runOnlyForDeploymentPostprocessing = 0;
			shellPath = /bin/sh;
			shellScript = "diff \"${PODS_PODFILE_DIR_PATH}/Podfile.lock\" \"${PODS_ROOT}/Manifest.lock\" > /dev/null\nif [ $? != 0 ] ; then\n    # print error to STDERR\n    echo \"error: The sandbox is not in sync with the Podfile.lock. Run 'pod install' or update your CocoaPods installation.\" >&2\n    exit 1\nfi\n# This output is used by Xcode 'outputs' to avoid re-running this script phase.\necho \"SUCCESS\" > \"${SCRIPT_OUTPUT_FILE_0}\"\n";
			showEnvVarsInLog = 0;
		};
/* End PBXShellScriptBuildPhase section */

/* Begin PBXSourcesBuildPhase section */
		A56AEEFE20A4CD6F0062A79F /* Sources */ = {
			isa = PBXSourcesBuildPhase;
			buildActionMask = 2147483647;
			files = (
				0EC9442D22016910003AC699 /* CreateAccountViewController.swift in Sources */,
				A56AEF0820A4CD6F0062A79F /* ViewController.swift in Sources */,
				A516D9E120B21581004708F9 /* ContactsViewController.swift in Sources */,
				0ED4755621FB8A8E00ABFEF4 /* GroupsDetailViewController.swift in Sources */,
				A54B308D2171212700500214 /* Contact.swift in Sources */,
				0ED4753A21F652A100ABFEF4 /* Group.swift in Sources */,
				A506A3D820A619A3007CC984 /* MessageViewController.swift in Sources */,
				0E89AE5F21E39AA900BF2156 /* LogInViewController.swift in Sources */,
				0E872305222DB4A700E2D94C /* Language.swift in Sources */,
				A534AA78218EBBB3004A0287 /* ContactDetailViewController.swift in Sources */,
				A50F3A12219BB9A1003A3056 /* NewContactViewController.swift in Sources */,
				A56AEF0620A4CD6F0062A79F /* AppDelegate.swift in Sources */,
				0E8D28D921EB60730035D0F0 /* GroupsViewController.swift in Sources */,
			);
			runOnlyForDeploymentPostprocessing = 0;
		};
/* End PBXSourcesBuildPhase section */

/* Begin PBXVariantGroup section */
		A56AEF0920A4CD6F0062A79F /* Main.storyboard */ = {
			isa = PBXVariantGroup;
			children = (
				A56AEF0A20A4CD6F0062A79F /* Base */,
			);
			name = Main.storyboard;
			sourceTree = "<group>";
		};
		A56AEF0E20A4CD830062A79F /* LaunchScreen.storyboard */ = {
			isa = PBXVariantGroup;
			children = (
				A56AEF0F20A4CD830062A79F /* Base */,
			);
			name = LaunchScreen.storyboard;
			sourceTree = "<group>";
		};
/* End PBXVariantGroup section */

/* Begin XCBuildConfiguration section */
		A56AEF1220A4CD830062A79F /* Debug */ = {
			isa = XCBuildConfiguration;
			buildSettings = {
				ALWAYS_SEARCH_USER_PATHS = NO;
				CLANG_ANALYZER_NONNULL = YES;
				CLANG_ANALYZER_NUMBER_OBJECT_CONVERSION = YES_AGGRESSIVE;
				CLANG_CXX_LANGUAGE_STANDARD = "gnu++14";
				CLANG_CXX_LIBRARY = "libc++";
				CLANG_ENABLE_MODULES = YES;
				CLANG_ENABLE_OBJC_ARC = YES;
				CLANG_ENABLE_OBJC_WEAK = YES;
				CLANG_WARN_BLOCK_CAPTURE_AUTORELEASING = YES;
				CLANG_WARN_BOOL_CONVERSION = YES;
				CLANG_WARN_COMMA = YES;
				CLANG_WARN_CONSTANT_CONVERSION = YES;
				CLANG_WARN_DEPRECATED_OBJC_IMPLEMENTATIONS = YES;
				CLANG_WARN_DIRECT_OBJC_ISA_USAGE = YES_ERROR;
				CLANG_WARN_DOCUMENTATION_COMMENTS = YES;
				CLANG_WARN_EMPTY_BODY = YES;
				CLANG_WARN_ENUM_CONVERSION = YES;
				CLANG_WARN_INFINITE_RECURSION = YES;
				CLANG_WARN_INT_CONVERSION = YES;
				CLANG_WARN_NON_LITERAL_NULL_CONVERSION = YES;
				CLANG_WARN_OBJC_IMPLICIT_RETAIN_SELF = YES;
				CLANG_WARN_OBJC_LITERAL_CONVERSION = YES;
				CLANG_WARN_OBJC_ROOT_CLASS = YES_ERROR;
				CLANG_WARN_RANGE_LOOP_ANALYSIS = YES;
				CLANG_WARN_STRICT_PROTOTYPES = YES;
				CLANG_WARN_SUSPICIOUS_MOVE = YES;
				CLANG_WARN_UNGUARDED_AVAILABILITY = YES_AGGRESSIVE;
				CLANG_WARN_UNREACHABLE_CODE = YES;
				CLANG_WARN__DUPLICATE_METHOD_MATCH = YES;
				CODE_SIGN_IDENTITY = "iPhone Developer";
				COPY_PHASE_STRIP = NO;
				DEBUG_INFORMATION_FORMAT = dwarf;
				ENABLE_STRICT_OBJC_MSGSEND = YES;
				ENABLE_TESTABILITY = YES;
				GCC_C_LANGUAGE_STANDARD = gnu11;
				GCC_DYNAMIC_NO_PIC = NO;
				GCC_NO_COMMON_BLOCKS = YES;
				GCC_OPTIMIZATION_LEVEL = 0;
				GCC_PREPROCESSOR_DEFINITIONS = (
					"DEBUG=1",
					"$(inherited)",
				);
				GCC_WARN_64_TO_32_BIT_CONVERSION = YES;
				GCC_WARN_ABOUT_RETURN_TYPE = YES_ERROR;
				GCC_WARN_UNDECLARED_SELECTOR = YES;
				GCC_WARN_UNINITIALIZED_AUTOS = YES_AGGRESSIVE;
				GCC_WARN_UNUSED_FUNCTION = YES;
				GCC_WARN_UNUSED_VARIABLE = YES;
				IPHONEOS_DEPLOYMENT_TARGET = 11.3;
				MTL_ENABLE_DEBUG_INFO = YES;
				ONLY_ACTIVE_ARCH = YES;
				SDKROOT = iphoneos;
				SWIFT_ACTIVE_COMPILATION_CONDITIONS = DEBUG;
				SWIFT_OPTIMIZATION_LEVEL = "-Onone";
			};
			name = Debug;
		};
		A56AEF1320A4CD830062A79F /* Release */ = {
			isa = XCBuildConfiguration;
			buildSettings = {
				ALWAYS_SEARCH_USER_PATHS = NO;
				CLANG_ANALYZER_NONNULL = YES;
				CLANG_ANALYZER_NUMBER_OBJECT_CONVERSION = YES_AGGRESSIVE;
				CLANG_CXX_LANGUAGE_STANDARD = "gnu++14";
				CLANG_CXX_LIBRARY = "libc++";
				CLANG_ENABLE_MODULES = YES;
				CLANG_ENABLE_OBJC_ARC = YES;
				CLANG_ENABLE_OBJC_WEAK = YES;
				CLANG_WARN_BLOCK_CAPTURE_AUTORELEASING = YES;
				CLANG_WARN_BOOL_CONVERSION = YES;
				CLANG_WARN_COMMA = YES;
				CLANG_WARN_CONSTANT_CONVERSION = YES;
				CLANG_WARN_DEPRECATED_OBJC_IMPLEMENTATIONS = YES;
				CLANG_WARN_DIRECT_OBJC_ISA_USAGE = YES_ERROR;
				CLANG_WARN_DOCUMENTATION_COMMENTS = YES;
				CLANG_WARN_EMPTY_BODY = YES;
				CLANG_WARN_ENUM_CONVERSION = YES;
				CLANG_WARN_INFINITE_RECURSION = YES;
				CLANG_WARN_INT_CONVERSION = YES;
				CLANG_WARN_NON_LITERAL_NULL_CONVERSION = YES;
				CLANG_WARN_OBJC_IMPLICIT_RETAIN_SELF = YES;
				CLANG_WARN_OBJC_LITERAL_CONVERSION = YES;
				CLANG_WARN_OBJC_ROOT_CLASS = YES_ERROR;
				CLANG_WARN_RANGE_LOOP_ANALYSIS = YES;
				CLANG_WARN_STRICT_PROTOTYPES = YES;
				CLANG_WARN_SUSPICIOUS_MOVE = YES;
				CLANG_WARN_UNGUARDED_AVAILABILITY = YES_AGGRESSIVE;
				CLANG_WARN_UNREACHABLE_CODE = YES;
				CLANG_WARN__DUPLICATE_METHOD_MATCH = YES;
				CODE_SIGN_IDENTITY = "iPhone Developer";
				COPY_PHASE_STRIP = NO;
				DEBUG_INFORMATION_FORMAT = "dwarf-with-dsym";
				ENABLE_NS_ASSERTIONS = NO;
				ENABLE_STRICT_OBJC_MSGSEND = YES;
				GCC_C_LANGUAGE_STANDARD = gnu11;
				GCC_NO_COMMON_BLOCKS = YES;
				GCC_WARN_64_TO_32_BIT_CONVERSION = YES;
				GCC_WARN_ABOUT_RETURN_TYPE = YES_ERROR;
				GCC_WARN_UNDECLARED_SELECTOR = YES;
				GCC_WARN_UNINITIALIZED_AUTOS = YES_AGGRESSIVE;
				GCC_WARN_UNUSED_FUNCTION = YES;
				GCC_WARN_UNUSED_VARIABLE = YES;
				IPHONEOS_DEPLOYMENT_TARGET = 11.3;
				MTL_ENABLE_DEBUG_INFO = NO;
				SDKROOT = iphoneos;
				SWIFT_COMPILATION_MODE = wholemodule;
				SWIFT_OPTIMIZATION_LEVEL = "-O";
				VALIDATE_PRODUCT = YES;
			};
			name = Release;
		};
		A56AEF1520A4CD830062A79F /* Debug */ = {
			isa = XCBuildConfiguration;
			baseConfigurationReference = 4EABD19DDAE566DDD515036A /* Pods-RefugeeApp2.debug.xcconfig */;
			buildSettings = {
				ALWAYS_EMBED_SWIFT_STANDARD_LIBRARIES = YES;
				ASSETCATALOG_COMPILER_APPICON_NAME = AppIcon;
				CODE_SIGN_STYLE = Automatic;
				DEVELOPMENT_TEAM = 276R75FG83;
				INFOPLIST_FILE = RefugeeApp/Info.plist;
				IPHONEOS_DEPLOYMENT_TARGET = 11.3;
				LD_RUNPATH_SEARCH_PATHS = (
					"$(inherited)",
					"@executable_path/Frameworks",
				);
				PRODUCT_BUNDLE_IDENTIFIER = Glome.RefugeeApp;
				PRODUCT_NAME = "$(TARGET_NAME)";
				SWIFT_VERSION = 4.0;
				TARGETED_DEVICE_FAMILY = "1,2";
			};
			name = Debug;
		};
		A56AEF1620A4CD830062A79F /* Release */ = {
			isa = XCBuildConfiguration;
			baseConfigurationReference = EDC19B1DD875D94D66A33105 /* Pods-RefugeeApp2.release.xcconfig */;
			buildSettings = {
				ALWAYS_EMBED_SWIFT_STANDARD_LIBRARIES = YES;
				ASSETCATALOG_COMPILER_APPICON_NAME = AppIcon;
				CODE_SIGN_STYLE = Automatic;
				DEVELOPMENT_TEAM = 276R75FG83;
				INFOPLIST_FILE = RefugeeApp/Info.plist;
				IPHONEOS_DEPLOYMENT_TARGET = 11.3;
				LD_RUNPATH_SEARCH_PATHS = (
					"$(inherited)",
					"@executable_path/Frameworks",
				);
				PRODUCT_BUNDLE_IDENTIFIER = Glome.RefugeeApp;
				PRODUCT_NAME = "$(TARGET_NAME)";
				SWIFT_VERSION = 4.0;
				TARGETED_DEVICE_FAMILY = "1,2";
			};
			name = Release;
		};
/* End XCBuildConfiguration section */

/* Begin XCConfigurationList section */
		A56AEEFD20A4CD6F0062A79F /* Build configuration list for PBXProject "RefugeeApp2" */ = {
			isa = XCConfigurationList;
			buildConfigurations = (
				A56AEF1220A4CD830062A79F /* Debug */,
				A56AEF1320A4CD830062A79F /* Release */,
			);
			defaultConfigurationIsVisible = 0;
			defaultConfigurationName = Release;
		};
		A56AEF1420A4CD830062A79F /* Build configuration list for PBXNativeTarget "RefugeeApp2" */ = {
			isa = XCConfigurationList;
			buildConfigurations = (
				A56AEF1520A4CD830062A79F /* Debug */,
				A56AEF1620A4CD830062A79F /* Release */,
			);
			defaultConfigurationIsVisible = 0;
			defaultConfigurationName = Release;
		};
/* End XCConfigurationList section */
	};
	rootObject = A56AEEFA20A4CD6F0062A79F /* Project object */;
}
